
Microsoft Visual Studio Solution File, Format Version 12.00
# Visual Studio 15
Project("{FAE04EC0-301F-11D3-BF4B-00C04F79EFBC}") = "Assembly-CSharp", "Assembly-CSharp.csproj", "{36EDC1F4-1396-7BFD-9047-B1ADCDBDFCDE}"
EndProject
Global
	GlobalSection(SolutionConfigurationPlatforms) = preSolution
		Debug|Any CPU = Debug|Any CPU
		Release|Any CPU = Release|Any CPU
	EndGlobalSection
	GlobalSection(ProjectConfigurationPlatforms) = postSolution
		{36EDC1F4-1396-7BFD-9047-B1ADCDBDFCDE}.Debug|Any CPU.ActiveCfg = Debug|Any CPU
		{36EDC1F4-1396-7BFD-9047-B1ADCDBDFCDE}.Debug|Any CPU.Build.0 = Debug|Any CPU
		{36EDC1F4-1396-7BFD-9047-B1ADCDBDFCDE}.Release|Any CPU.ActiveCfg = Release|Any CPU
		{36EDC1F4-1396-7BFD-9047-B1ADCDBDFCDE}.Release|Any CPU.Build.0 = Release|Any CPU
	EndGlobalSection
	GlobalSection(SolutionProperties) = preSolution
		HideSolutionNode = FALSE
	EndGlobalSection
EndGlobal
